
Microsoft Visual Studio Solution File, Format Version 12.00
# Visual Studio 15
VisualStudioVersion = 15.0.26124.0
MinimumVisualStudioVersion = 15.0.26124.0
Project("{2150E333-8FDC-42A3-9474-1A3956D46DE8}") = "src", "src", "{9DE5937E-FCBB-4253-875A-9A77DCBA9F26}"
EndProject
Project("{FAE04EC0-301F-11D3-BF4B-00C04F79EFBC}") = "fib", "src\fib\fib.csproj", "{6EF5FAAD-78DE-45FE-9A2A-E0668BCD9E48}"
EndProject
Project("{2150E333-8FDC-42A3-9474-1A3956D46DE8}") = "tests", "tests", "{9D635C95-3750-490A-8A2E-C754D9560177}"
EndProject
Project("{FAE04EC0-301F-11D3-BF4B-00C04F79EFBC}") = "fib.tests", "tests\fib.tests\fib.tests.csproj", "{B0368C93-FF84-4B8E-B814-7D2506FD208B}"
EndProject
Global
	GlobalSection(SolutionConfigurationPlatforms) = preSolution
		Debug|Any CPU = Debug|Any CPU
		Debug|x64 = Debug|x64
		Debug|x86 = Debug|x86
		Release|Any CPU = Release|Any CPU
		Release|x64 = Release|x64
		Release|x86 = Release|x86
	EndGlobalSection
	GlobalSection(SolutionProperties) = preSolution
		HideSolutionNode = FALSE
	EndGlobalSection
	GlobalSection(ProjectConfigurationPlatforms) = postSolution
		{6EF5FAAD-78DE-45FE-9A2A-E0668BCD9E48}.Debug|Any CPU.ActiveCfg = Debug|Any CPU
		{6EF5FAAD-78DE-45FE-9A2A-E0668BCD9E48}.Debug|Any CPU.Build.0 = Debug|Any CPU
		{6EF5FAAD-78DE-45FE-9A2A-E0668BCD9E48}.Debug|x64.ActiveCfg = Debug|x64
		{6EF5FAAD-78DE-45FE-9A2A-E0668BCD9E48}.Debug|x64.Build.0 = Debug|x64
		{6EF5FAAD-78DE-45FE-9A2A-E0668BCD9E48}.Debug|x86.ActiveCfg = Debug|x86
		{6EF5FAAD-78DE-45FE-9A2A-E0668BCD9E48}.Debug|x86.Build.0 = Debug|x86
		{6EF5FAAD-78DE-45FE-9A2A-E0668BCD9E48}.Release|Any CPU.ActiveCfg = Release|Any CPU
		{6EF5FAAD-78DE-45FE-9A2A-E0668BCD9E48}.Release|Any CPU.Build.0 = Release|Any CPU
		{6EF5FAAD-78DE-45FE-9A2A-E0668BCD9E48}.Release|x64.ActiveCfg = Release|x64
		{6EF5FAAD-78DE-45FE-9A2A-E0668BCD9E48}.Release|x64.Build.0 = Release|x64
		{6EF5FAAD-78DE-45FE-9A2A-E0668BCD9E48}.Release|x86.ActiveCfg = Release|x86
		{6EF5FAAD-78DE-45FE-9A2A-E0668BCD9E48}.Release|x86.Build.0 = Release|x86
		{B0368C93-FF84-4B8E-B814-7D2506FD208B}.Debug|Any CPU.ActiveCfg = Debug|Any CPU
		{B0368C93-FF84-4B8E-B814-7D2506FD208B}.Debug|Any CPU.Build.0 = Debug|Any CPU
		{B0368C93-FF84-4B8E-B814-7D2506FD208B}.Debug|x64.ActiveCfg = Debug|x64
		{B0368C93-FF84-4B8E-B814-7D2506FD208B}.Debug|x64.Build.0 = Debug|x64
		{B0368C93-FF84-4B8E-B814-7D2506FD208B}.Debug|x86.ActiveCfg = Debug|x86
		{B0368C93-FF84-4B8E-B814-7D2506FD208B}.Debug|x86.Build.0 = Debug|x86
		{B0368C93-FF84-4B8E-B814-7D2506FD208B}.Release|Any CPU.ActiveCfg = Release|Any CPU
		{B0368C93-FF84-4B8E-B814-7D2506FD208B}.Release|Any CPU.Build.0 = Release|Any CPU
		{B0368C93-FF84-4B8E-B814-7D2506FD208B}.Release|x64.ActiveCfg = Release|x64
		{B0368C93-FF84-4B8E-B814-7D2506FD208B}.Release|x64.Build.0 = Release|x64
		{B0368C93-FF84-4B8E-B814-7D2506FD208B}.Release|x86.ActiveCfg = Release|x86
		{B0368C93-FF84-4B8E-B814-7D2506FD208B}.Release|x86.Build.0 = Release|x86
	EndGlobalSection
	GlobalSection(NestedProjects) = preSolution
		{6EF5FAAD-78DE-45FE-9A2A-E0668BCD9E48} = {9DE5937E-FCBB-4253-875A-9A77DCBA9F26}
		{B0368C93-FF84-4B8E-B814-7D2506FD208B} = {9D635C95-3750-490A-8A2E-C754D9560177}
	EndGlobalSection
EndGlobal
